
Microsoft Visual Studio Solution File, Format Version 12.00
# Visual Studio Version 16
VisualStudioVersion = 16.0.30804.86
MinimumVisualStudioVersion = 10.0.40219.1
Project("{FAE04EC0-301F-11D3-BF4B-00C04F79EFBC}") = "FirstAML.Courier.Service", "FirstAML.Courier\FirstAML.Courier.Service.csproj", "{8B2E5C9E-B79A-417D-AB00-004E57A6AAB0}"
EndProject
Project("{FAE04EC0-301F-11D3-BF4B-00C04F79EFBC}") = "FirstAML.Courier.Service.Test", "FirstAML.Courier.Service.Test\FirstAML.Courier.Service.Test.csproj", "{D9806247-BB1A-4498-BED8-C9DBFA3C0BCE}"
EndProject
Global
	GlobalSection(SolutionConfigurationPlatforms) = preSolution
		Debug|Any CPU = Debug|Any CPU
		Release|Any CPU = Release|Any CPU
	EndGlobalSection
	GlobalSection(ProjectConfigurationPlatforms) = postSolution
		{8B2E5C9E-B79A-417D-AB00-004E57A6AAB0}.Debug|Any CPU.ActiveCfg = Debug|Any CPU
		{8B2E5C9E-B79A-417D-AB00-004E57A6AAB0}.Debug|Any CPU.Build.0 = Debug|Any CPU
		{8B2E5C9E-B79A-417D-AB00-004E57A6AAB0}.Release|Any CPU.ActiveCfg = Release|Any CPU
		{8B2E5C9E-B79A-417D-AB00-004E57A6AAB0}.Release|Any CPU.Build.0 = Release|Any CPU
		{D9806247-BB1A-4498-BED8-C9DBFA3C0BCE}.Debug|Any CPU.ActiveCfg = Debug|Any CPU
		{D9806247-BB1A-4498-BED8-C9DBFA3C0BCE}.Debug|Any CPU.Build.0 = Debug|Any CPU
		{D9806247-BB1A-4498-BED8-C9DBFA3C0BCE}.Release|Any CPU.ActiveCfg = Release|Any CPU
		{D9806247-BB1A-4498-BED8-C9DBFA3C0BCE}.Release|Any CPU.Build.0 = Release|Any CPU
	EndGlobalSection
	GlobalSection(SolutionProperties) = preSolution
		HideSolutionNode = FALSE
	EndGlobalSection
	GlobalSection(ExtensibilityGlobals) = postSolution
		SolutionGuid = {DBFB943D-3563-4BCF-9DC9-AFE75DA8CBB6}
	EndGlobalSection
EndGlobal
